
Microsoft Visual Studio Solution File, Format Version 12.00
# Visual Studio 14
VisualStudioVersion = 14.0.25123.0
MinimumVisualStudioVersion = 10.0.40219.1
Project("{FAE04EC0-301F-11D3-BF4B-00C04F79EFBC}") = "01 Cake Tycoon", "01 Cake Tycoon\01 Cake Tycoon.csproj", "{673FE981-AABF-4373-97EA-22F9DC465FB6}"
EndProject
Project("{FAE04EC0-301F-11D3-BF4B-00C04F79EFBC}") = "02 Beer Stock", "02 Beer Stock\02 Beer Stock.csproj", "{6D8E927E-D66C-4820-A16F-A09A288462A1}"
EndProject
Project("{FAE04EC0-301F-11D3-BF4B-00C04F79EFBC}") = "03 Illuminati Lock", "03 Illuminati Lock\03 Illuminati Lock.csproj", "{7897A2CC-5E86-4B3C-B593-20BA17ECFAAD}"
EndProject
Project("{FAE04EC0-301F-11D3-BF4B-00C04F79EFBC}") = "04 Master Herbalist", "04 Master Herbalist\04 Master Herbalist.csproj", "{8A889A92-F8A6-436B-8D18-1203F2985859}"
EndProject
Global
	GlobalSection(SolutionConfigurationPlatforms) = preSolution
		Debug|Any CPU = Debug|Any CPU
		Release|Any CPU = Release|Any CPU
	EndGlobalSection
	GlobalSection(ProjectConfigurationPlatforms) = postSolution
		{673FE981-AABF-4373-97EA-22F9DC465FB6}.Debug|Any CPU.ActiveCfg = Debug|Any CPU
		{673FE981-AABF-4373-97EA-22F9DC465FB6}.Debug|Any CPU.Build.0 = Debug|Any CPU
		{673FE981-AABF-4373-97EA-22F9DC465FB6}.Release|Any CPU.ActiveCfg = Release|Any CPU
		{673FE981-AABF-4373-97EA-22F9DC465FB6}.Release|Any CPU.Build.0 = Release|Any CPU
		{6D8E927E-D66C-4820-A16F-A09A288462A1}.Debug|Any CPU.ActiveCfg = Debug|Any CPU
		{6D8E927E-D66C-4820-A16F-A09A288462A1}.Debug|Any CPU.Build.0 = Debug|Any CPU
		{6D8E927E-D66C-4820-A16F-A09A288462A1}.Release|Any CPU.ActiveCfg = Release|Any CPU
		{6D8E927E-D66C-4820-A16F-A09A288462A1}.Release|Any CPU.Build.0 = Release|Any CPU
		{7897A2CC-5E86-4B3C-B593-20BA17ECFAAD}.Debug|Any CPU.ActiveCfg = Debug|Any CPU
		{7897A2CC-5E86-4B3C-B593-20BA17ECFAAD}.Debug|Any CPU.Build.0 = Debug|Any CPU
		{7897A2CC-5E86-4B3C-B593-20BA17ECFAAD}.Release|Any CPU.ActiveCfg = Release|Any CPU
		{7897A2CC-5E86-4B3C-B593-20BA17ECFAAD}.Release|Any CPU.Build.0 = Release|Any CPU
		{8A889A92-F8A6-436B-8D18-1203F2985859}.Debug|Any CPU.ActiveCfg = Debug|Any CPU
		{8A889A92-F8A6-436B-8D18-1203F2985859}.Debug|Any CPU.Build.0 = Debug|Any CPU
		{8A889A92-F8A6-436B-8D18-1203F2985859}.Release|Any CPU.ActiveCfg = Release|Any CPU
		{8A889A92-F8A6-436B-8D18-1203F2985859}.Release|Any CPU.Build.0 = Release|Any CPU
	EndGlobalSection
	GlobalSection(SolutionProperties) = preSolution
		HideSolutionNode = FALSE
	EndGlobalSection
EndGlobal
