
Microsoft Visual Studio Solution File, Format Version 12.00
# Visual Studio 14
VisualStudioVersion = 14.0.25123.0
MinimumVisualStudioVersion = 10.0.40219.1
Project("{FAE04EC0-301F-11D3-BF4B-00C04F79EFBC}") = "01 Fit Box in Box", "01 Fit Box in Box\01 Fit Box in Box.csproj", "{98265115-7671-4610-8E0A-4224E777DD5F}"
EndProject
Project("{FAE04EC0-301F-11D3-BF4B-00C04F79EFBC}") = "03 Disk", "03 Disk\03 Disk.csproj", "{DD0F23E1-0B23-4D32-AD41-4672FBEF5F1B}"
EndProject
Project("{FAE04EC0-301F-11D3-BF4B-00C04F79EFBC}") = "02 Sequence of K Numbers", "02 Sequence of K Numbers\02 Sequence of K Numbers.csproj", "{590A4613-ABF2-4F17-9BC3-82A51686D6C3}"
EndProject
Project("{FAE04EC0-301F-11D3-BF4B-00C04F79EFBC}") = "04 Poker Straight", "04 Poker Straight\04 Poker Straight.csproj", "{ED541E65-8D0D-4DCB-8CFF-11E0D3223DF8}"
EndProject
Global
	GlobalSection(SolutionConfigurationPlatforms) = preSolution
		Debug|Any CPU = Debug|Any CPU
		Release|Any CPU = Release|Any CPU
	EndGlobalSection
	GlobalSection(ProjectConfigurationPlatforms) = postSolution
		{98265115-7671-4610-8E0A-4224E777DD5F}.Debug|Any CPU.ActiveCfg = Debug|Any CPU
		{98265115-7671-4610-8E0A-4224E777DD5F}.Debug|Any CPU.Build.0 = Debug|Any CPU
		{98265115-7671-4610-8E0A-4224E777DD5F}.Release|Any CPU.ActiveCfg = Release|Any CPU
		{98265115-7671-4610-8E0A-4224E777DD5F}.Release|Any CPU.Build.0 = Release|Any CPU
		{DD0F23E1-0B23-4D32-AD41-4672FBEF5F1B}.Debug|Any CPU.ActiveCfg = Debug|Any CPU
		{DD0F23E1-0B23-4D32-AD41-4672FBEF5F1B}.Debug|Any CPU.Build.0 = Debug|Any CPU
		{DD0F23E1-0B23-4D32-AD41-4672FBEF5F1B}.Release|Any CPU.ActiveCfg = Release|Any CPU
		{DD0F23E1-0B23-4D32-AD41-4672FBEF5F1B}.Release|Any CPU.Build.0 = Release|Any CPU
		{590A4613-ABF2-4F17-9BC3-82A51686D6C3}.Debug|Any CPU.ActiveCfg = Debug|Any CPU
		{590A4613-ABF2-4F17-9BC3-82A51686D6C3}.Debug|Any CPU.Build.0 = Debug|Any CPU
		{590A4613-ABF2-4F17-9BC3-82A51686D6C3}.Release|Any CPU.ActiveCfg = Release|Any CPU
		{590A4613-ABF2-4F17-9BC3-82A51686D6C3}.Release|Any CPU.Build.0 = Release|Any CPU
		{ED541E65-8D0D-4DCB-8CFF-11E0D3223DF8}.Debug|Any CPU.ActiveCfg = Debug|Any CPU
		{ED541E65-8D0D-4DCB-8CFF-11E0D3223DF8}.Debug|Any CPU.Build.0 = Debug|Any CPU
		{ED541E65-8D0D-4DCB-8CFF-11E0D3223DF8}.Release|Any CPU.ActiveCfg = Release|Any CPU
		{ED541E65-8D0D-4DCB-8CFF-11E0D3223DF8}.Release|Any CPU.Build.0 = Release|Any CPU
	EndGlobalSection
	GlobalSection(SolutionProperties) = preSolution
		HideSolutionNode = FALSE
	EndGlobalSection
EndGlobal
