
Microsoft Visual Studio Solution File, Format Version 12.00
# Visual Studio 14
VisualStudioVersion = 14.0.24720.0
MinimumVisualStudioVersion = 10.0.40219.1
Project("{FAE04EC0-301F-11D3-BF4B-00C04F79EFBC}") = "01 Piggy Bank", "01 Piggy Bank\01 Piggy Bank.csproj", "{2E019756-B4FC-4842-8090-90034C9E4A2C}"
EndProject
Project("{FAE04EC0-301F-11D3-BF4B-00C04F79EFBC}") = "03 Boat", "03 Boat\03 Boat.csproj", "{7316575F-5B08-4DC1-A794-218F887DB143}"
EndProject
Project("{FAE04EC0-301F-11D3-BF4B-00C04F79EFBC}") = "02 Cheat Sheet", "02 Cheat Sheet\02 Cheat Sheet.csproj", "{8E416183-8F98-4DA7-9E16-66C3655E883F}"
EndProject
Project("{FAE04EC0-301F-11D3-BF4B-00C04F79EFBC}") = "04 Text Bombardment", "04 Text Bombardment\04 Text Bombardment.csproj", "{BBCECB80-E427-450B-AA97-7E892F5FAE56}"
EndProject
Global
	GlobalSection(SolutionConfigurationPlatforms) = preSolution
		Debug|Any CPU = Debug|Any CPU
		Release|Any CPU = Release|Any CPU
	EndGlobalSection
	GlobalSection(ProjectConfigurationPlatforms) = postSolution
		{2E019756-B4FC-4842-8090-90034C9E4A2C}.Debug|Any CPU.ActiveCfg = Debug|Any CPU
		{2E019756-B4FC-4842-8090-90034C9E4A2C}.Debug|Any CPU.Build.0 = Debug|Any CPU
		{2E019756-B4FC-4842-8090-90034C9E4A2C}.Release|Any CPU.ActiveCfg = Release|Any CPU
		{2E019756-B4FC-4842-8090-90034C9E4A2C}.Release|Any CPU.Build.0 = Release|Any CPU
		{7316575F-5B08-4DC1-A794-218F887DB143}.Debug|Any CPU.ActiveCfg = Debug|Any CPU
		{7316575F-5B08-4DC1-A794-218F887DB143}.Debug|Any CPU.Build.0 = Debug|Any CPU
		{7316575F-5B08-4DC1-A794-218F887DB143}.Release|Any CPU.ActiveCfg = Release|Any CPU
		{7316575F-5B08-4DC1-A794-218F887DB143}.Release|Any CPU.Build.0 = Release|Any CPU
		{8E416183-8F98-4DA7-9E16-66C3655E883F}.Debug|Any CPU.ActiveCfg = Debug|Any CPU
		{8E416183-8F98-4DA7-9E16-66C3655E883F}.Debug|Any CPU.Build.0 = Debug|Any CPU
		{8E416183-8F98-4DA7-9E16-66C3655E883F}.Release|Any CPU.ActiveCfg = Release|Any CPU
		{8E416183-8F98-4DA7-9E16-66C3655E883F}.Release|Any CPU.Build.0 = Release|Any CPU
		{BBCECB80-E427-450B-AA97-7E892F5FAE56}.Debug|Any CPU.ActiveCfg = Debug|Any CPU
		{BBCECB80-E427-450B-AA97-7E892F5FAE56}.Debug|Any CPU.Build.0 = Debug|Any CPU
		{BBCECB80-E427-450B-AA97-7E892F5FAE56}.Release|Any CPU.ActiveCfg = Release|Any CPU
		{BBCECB80-E427-450B-AA97-7E892F5FAE56}.Release|Any CPU.Build.0 = Release|Any CPU
	EndGlobalSection
	GlobalSection(SolutionProperties) = preSolution
		HideSolutionNode = FALSE
	EndGlobalSection
EndGlobal
