
Microsoft Visual Studio Solution File, Format Version 12.00
# Visual Studio 14
VisualStudioVersion = 14.0.24720.0
MinimumVisualStudioVersion = 10.0.40219.1
Project("{FAE04EC0-301F-11D3-BF4B-00C04F79EFBC}") = "03 Dumbbell", "03 Dumbbell\03 Dumbbell.csproj", "{2F423214-A828-431A-957D-AB4F5172D8AD}"
EndProject
Project("{FAE04EC0-301F-11D3-BF4B-00C04F79EFBC}") = "01 Torrent Pirate", "01 Torrent Pirate\01 Torrent Pirate.csproj", "{40E43B2A-ABFB-4BBD-8F4F-FB8682A7A56C}"
EndProject
Project("{FAE04EC0-301F-11D3-BF4B-00C04F79EFBC}") = "02 Basket Battle", "02 Basket Battle\02 Basket Battle.csproj", "{BAFBE2BF-F43F-43B7-B11C-E0D681EB965B}"
EndProject
Project("{FAE04EC0-301F-11D3-BF4B-00C04F79EFBC}") = "04 Encrypted Matrix", "04 Encrypted Matrix\04 Encrypted Matrix.csproj", "{548F9EC7-7628-44DB-9B40-B7340A006288}"
EndProject
Global
	GlobalSection(SolutionConfigurationPlatforms) = preSolution
		Debug|Any CPU = Debug|Any CPU
		Release|Any CPU = Release|Any CPU
	EndGlobalSection
	GlobalSection(ProjectConfigurationPlatforms) = postSolution
		{2F423214-A828-431A-957D-AB4F5172D8AD}.Debug|Any CPU.ActiveCfg = Debug|Any CPU
		{2F423214-A828-431A-957D-AB4F5172D8AD}.Debug|Any CPU.Build.0 = Debug|Any CPU
		{2F423214-A828-431A-957D-AB4F5172D8AD}.Release|Any CPU.ActiveCfg = Release|Any CPU
		{2F423214-A828-431A-957D-AB4F5172D8AD}.Release|Any CPU.Build.0 = Release|Any CPU
		{40E43B2A-ABFB-4BBD-8F4F-FB8682A7A56C}.Debug|Any CPU.ActiveCfg = Debug|Any CPU
		{40E43B2A-ABFB-4BBD-8F4F-FB8682A7A56C}.Debug|Any CPU.Build.0 = Debug|Any CPU
		{40E43B2A-ABFB-4BBD-8F4F-FB8682A7A56C}.Release|Any CPU.ActiveCfg = Release|Any CPU
		{40E43B2A-ABFB-4BBD-8F4F-FB8682A7A56C}.Release|Any CPU.Build.0 = Release|Any CPU
		{BAFBE2BF-F43F-43B7-B11C-E0D681EB965B}.Debug|Any CPU.ActiveCfg = Debug|Any CPU
		{BAFBE2BF-F43F-43B7-B11C-E0D681EB965B}.Debug|Any CPU.Build.0 = Debug|Any CPU
		{BAFBE2BF-F43F-43B7-B11C-E0D681EB965B}.Release|Any CPU.ActiveCfg = Release|Any CPU
		{BAFBE2BF-F43F-43B7-B11C-E0D681EB965B}.Release|Any CPU.Build.0 = Release|Any CPU
		{548F9EC7-7628-44DB-9B40-B7340A006288}.Debug|Any CPU.ActiveCfg = Debug|Any CPU
		{548F9EC7-7628-44DB-9B40-B7340A006288}.Debug|Any CPU.Build.0 = Debug|Any CPU
		{548F9EC7-7628-44DB-9B40-B7340A006288}.Release|Any CPU.ActiveCfg = Release|Any CPU
		{548F9EC7-7628-44DB-9B40-B7340A006288}.Release|Any CPU.Build.0 = Release|Any CPU
	EndGlobalSection
	GlobalSection(SolutionProperties) = preSolution
		HideSolutionNode = FALSE
	EndGlobalSection
EndGlobal
