
Microsoft Visual Studio Solution File, Format Version 12.00
# Visual Studio 14
VisualStudioVersion = 14.0.24720.0
MinimumVisualStudioVersion = 10.0.40219.1
Project("{FAE04EC0-301F-11D3-BF4B-00C04F79EFBC}") = "03 Magic Wand", "03 Magic Wand\03 Magic Wand.csproj", "{DFC00AB0-A765-4CD8-BAB5-E1A9CB546961}"
EndProject
Project("{FAE04EC0-301F-11D3-BF4B-00C04F79EFBC}") = "01 Currency Check", "01 Currency Check\01 Currency Check.csproj", "{9A696E15-2B90-41D1-A300-213DEB56D862}"
EndProject
Project("{FAE04EC0-301F-11D3-BF4B-00C04F79EFBC}") = "02 Dream Item", "02 Dream Item\02 Dream Item.csproj", "{F4392454-DD59-4BFC-922C-3BBBF457B0D8}"
EndProject
Project("{FAE04EC0-301F-11D3-BF4B-00C04F79EFBC}") = "04 Array Matcher", "04 Array Matcher\04 Array Matcher.csproj", "{DFC6B62D-C281-4520-8021-53E8417A84F4}"
EndProject
Project("{FAE04EC0-301F-11D3-BF4B-00C04F79EFBC}") = "04 Array Matcher 2", "04 Array Matcher 2\04 Array Matcher 2.csproj", "{3008A0B5-E0DE-460C-BE21-D67EFB03AC8B}"
EndProject
Global
	GlobalSection(SolutionConfigurationPlatforms) = preSolution
		Debug|Any CPU = Debug|Any CPU
		Release|Any CPU = Release|Any CPU
	EndGlobalSection
	GlobalSection(ProjectConfigurationPlatforms) = postSolution
		{DFC00AB0-A765-4CD8-BAB5-E1A9CB546961}.Debug|Any CPU.ActiveCfg = Debug|Any CPU
		{DFC00AB0-A765-4CD8-BAB5-E1A9CB546961}.Debug|Any CPU.Build.0 = Debug|Any CPU
		{DFC00AB0-A765-4CD8-BAB5-E1A9CB546961}.Release|Any CPU.ActiveCfg = Release|Any CPU
		{DFC00AB0-A765-4CD8-BAB5-E1A9CB546961}.Release|Any CPU.Build.0 = Release|Any CPU
		{9A696E15-2B90-41D1-A300-213DEB56D862}.Debug|Any CPU.ActiveCfg = Debug|Any CPU
		{9A696E15-2B90-41D1-A300-213DEB56D862}.Debug|Any CPU.Build.0 = Debug|Any CPU
		{9A696E15-2B90-41D1-A300-213DEB56D862}.Release|Any CPU.ActiveCfg = Release|Any CPU
		{9A696E15-2B90-41D1-A300-213DEB56D862}.Release|Any CPU.Build.0 = Release|Any CPU
		{F4392454-DD59-4BFC-922C-3BBBF457B0D8}.Debug|Any CPU.ActiveCfg = Debug|Any CPU
		{F4392454-DD59-4BFC-922C-3BBBF457B0D8}.Debug|Any CPU.Build.0 = Debug|Any CPU
		{F4392454-DD59-4BFC-922C-3BBBF457B0D8}.Release|Any CPU.ActiveCfg = Release|Any CPU
		{F4392454-DD59-4BFC-922C-3BBBF457B0D8}.Release|Any CPU.Build.0 = Release|Any CPU
		{DFC6B62D-C281-4520-8021-53E8417A84F4}.Debug|Any CPU.ActiveCfg = Debug|Any CPU
		{DFC6B62D-C281-4520-8021-53E8417A84F4}.Debug|Any CPU.Build.0 = Debug|Any CPU
		{DFC6B62D-C281-4520-8021-53E8417A84F4}.Release|Any CPU.ActiveCfg = Release|Any CPU
		{DFC6B62D-C281-4520-8021-53E8417A84F4}.Release|Any CPU.Build.0 = Release|Any CPU
		{3008A0B5-E0DE-460C-BE21-D67EFB03AC8B}.Debug|Any CPU.ActiveCfg = Debug|Any CPU
		{3008A0B5-E0DE-460C-BE21-D67EFB03AC8B}.Debug|Any CPU.Build.0 = Debug|Any CPU
		{3008A0B5-E0DE-460C-BE21-D67EFB03AC8B}.Release|Any CPU.ActiveCfg = Release|Any CPU
		{3008A0B5-E0DE-460C-BE21-D67EFB03AC8B}.Release|Any CPU.Build.0 = Release|Any CPU
	EndGlobalSection
	GlobalSection(SolutionProperties) = preSolution
		HideSolutionNode = FALSE
	EndGlobalSection
EndGlobal
